{
  "name": "wfhlibs",
  "version": "1.0.0",
  "lockfileVersion": 1,
  "requires": true,
  "dependencies": {
    "@wfhdemo/lib1": {
      "version": "file:lib1",
      "requires": {
        "@wfhdemo/lib2": "^2.0.0",
        "@wfhdemo/lib3": "^1.0.0"
      },
      "dependencies": {
        "@wfhdemo/lib2": {
          "version": "2.0.0",
          "resolved": "https://registry.npmjs.org/@wfhdemo/lib2/-/lib2-2.0.0.tgz",
          "integrity": "sha512-JLP3eQZLQYs49LPL2NNy9KLisDSdeL/CObwL6S3bifgB9VBvTN5g2+Uau7bb9hJAT1M9AbI8gFSBmzcVw6qr+w=="
        }
      }
    },
    "@wfhdemo/lib2": {
      "version": "1.0.0",
      "resolved": "https://registry.npmjs.org/@wfhdemo/lib2/-/lib2-1.0.0.tgz",
      "integrity": "sha512-FrTV/twYwqecpO24FCIz8b1QMF2X7FpbXttN4uML55HzplFjiJJ0Isy36iCDktNY0bR2DbMPTRKVrOEqaw4HwQ==",
      "requires": {
        "@wfhdemo/lib1": "1.0.0"
      },
      "dependencies": {
        "@wfhdemo/lib1": {
          "version": "1.0.0",
          "resolved": "https://registry.npmjs.org/@wfhdemo/lib1/-/lib1-1.0.0.tgz",
          "integrity": "sha512-RRFrOuo45ppXTJcnlR16cNkUApSC2z1D+24RQDVoZlgKsO3yTT8YqyWu+Jo66PXY7bYugOeXeR265XpA5BbRsA=="
        }
      }
    },
    "@wfhdemo/lib3": {
      "version": "1.0.0"
    }
  }
}
