{
  "name": "wfhdemo",
  "version": "1.0.0",
  "lockfileVersion": 1,
  "requires": true,
  "dependencies": {
    "@wfhdemo/lib2": {
      "version": "3.0.0",
      "resolved": "https://registry.npmjs.org/@wfhdemo/lib2/-/lib2-3.0.0.tgz",
      "integrity": "sha512-Skbo7VBaYiaCLJhb0JfqnIaxZRv6p3RcVggnYmOUO1/4PcPvj9aUpBk0XS0A5D575c0sDEcyBjINQOddaPPNgw=="
    }
  }
}
